// !$*UTF8*$!
{
	archiveVersion = 1;
	classes = {
	};
	objectVersion = 50;
	objects = {

/* Begin PBXBuildFile section */
		3A1635892112357E0005068C /* DSCameraHandler.swift in Sources */ = {isa = PBXBuildFile; fileRef = 3A1635882112357E0005068C /* DSCameraHandler.swift */; };
		3A16358B211241030005068C /* UIExtensions.swift in Sources */ = {isa = PBXBuildFile; fileRef = 3A16358A211241030005068C /* UIExtensions.swift */; };
		3A16358D211249310005068C /* ColorCell.swift in Sources */ = {isa = PBXBuildFile; fileRef = 3A16358C211249310005068C /* ColorCell.swift */; };
		3A7841732112345600294B3C /* AppDelegate.swift in Sources */ = {isa = PBXBuildFile; fileRef = 3A7841722112345600294B3C /* AppDelegate.swift */; };
		3A7841752112345600294B3C /* PaletteHomeViewController.swift in Sources */ = {isa = PBXBuildFile; fileRef = 3A7841742112345600294B3C /* PaletteHomeViewController.swift */; };
		3A7841782112345600294B3C /* Main.storyboard in Resources */ = {isa = PBXBuildFile; fileRef = 3A7841762112345600294B3C /* Main.storyboard */; };
		3A78417A2112345700294B3C /* Assets.xcassets in Resources */ = {isa = PBXBuildFile; fileRef = 3A7841792112345700294B3C /* Assets.xcassets */; };
		3A78417D2112345700294B3C /* LaunchScreen.storyboard in Resources */ = {isa = PBXBuildFile; fileRef = 3A78417B2112345700294B3C /* LaunchScreen.storyboard */; };
		3A7841882112345800294B3C /* PaletteTests.swift in Sources */ = {isa = PBXBuildFile; fileRef = 3A7841872112345800294B3C /* PaletteTests.swift */; };
		3A7841932112345800294B3C /* PaletteUITests.swift in Sources */ = {isa = PBXBuildFile; fileRef = 3A7841922112345800294B3C /* PaletteUITests.swift */; };
/* End PBXBuildFile section */

/* Begin PBXContainerItemProxy section */
		3A7841842112345800294B3C /* PBXContainerItemProxy */ = {
			isa = PBXContainerItemProxy;
			containerPortal = 3A7841672112345600294B3C /* Project object */;
			proxyType = 1;
			remoteGlobalIDString = 3A78416E2112345600294B3C;
			remoteInfo = Palette;
		};
		3A78418F2112345800294B3C /* PBXContainerItemProxy */ = {
			isa = PBXContainerItemProxy;
			containerPortal = 3A7841672112345600294B3C /* Project object */;
			proxyType = 1;
			remoteGlobalIDString = 3A78416E2112345600294B3C;
			remoteInfo = Palette;
		};
/* End PBXContainerItemProxy section */

/* Begin PBXFileReference section */
		3A1635882112357E0005068C /* DSCameraHandler.swift */ = {isa = PBXFileReference; lastKnownFileType = sourcecode.swift; path = DSCameraHandler.swift; sourceTree = "<group>"; };
		3A16358A211241030005068C /* UIExtensions.swift */ = {isa = PBXFileReference; lastKnownFileType = sourcecode.swift; path = UIExtensions.swift; sourceTree = "<group>"; };
		3A16358C211249310005068C /* ColorCell.swift */ = {isa = PBXFileReference; lastKnownFileType = sourcecode.swift; path = ColorCell.swift; sourceTree = "<group>"; };
		3A78416F2112345600294B3C /* Palette.app */ = {isa = PBXFileReference; explicitFileType = wrapper.application; includeInIndex = 0; path = Palette.app; sourceTree = BUILT_PRODUCTS_DIR; };
		3A7841722112345600294B3C /* AppDelegate.swift */ = {isa = PBXFileReference; lastKnownFileType = sourcecode.swift; path = AppDelegate.swift; sourceTree = "<group>"; };
		3A7841742112345600294B3C /* PaletteHomeViewController.swift */ = {isa = PBXFileReference; lastKnownFileType = sourcecode.swift; path = PaletteHomeViewController.swift; sourceTree = "<group>"; };
		3A7841772112345600294B3C /* Base */ = {isa = PBXFileReference; lastKnownFileType = file.storyboard; name = Base; path = Base.lproj/Main.storyboard; sourceTree = "<group>"; };
		3A7841792112345700294B3C /* Assets.xcassets */ = {isa = PBXFileReference; lastKnownFileType = folder.assetcatalog; path = Assets.xcassets; sourceTree = "<group>"; };
		3A78417C2112345700294B3C /* Base */ = {isa = PBXFileReference; lastKnownFileType = file.storyboard; name = Base; path = Base.lproj/LaunchScreen.storyboard; sourceTree = "<group>"; };
		3A78417E2112345700294B3C /* Info.plist */ = {isa = PBXFileReference; lastKnownFileType = text.plist.xml; path = Info.plist; sourceTree = "<group>"; };
		3A7841832112345800294B3C /* PaletteTests.xctest */ = {isa = PBXFileReference; explicitFileType = wrapper.cfbundle; includeInIndex = 0; path = PaletteTests.xctest; sourceTree = BUILT_PRODUCTS_DIR; };
		3A7841872112345800294B3C /* PaletteTests.swift */ = {isa = PBXFileReference; lastKnownFileType = sourcecode.swift; path = PaletteTests.swift; sourceTree = "<group>"; };
		3A7841892112345800294B3C /* Info.plist */ = {isa = PBXFileReference; lastKnownFileType = text.plist.xml; path = Info.plist; sourceTree = "<group>"; };
		3A78418E2112345800294B3C /* PaletteUITests.xctest */ = {isa = PBXFileReference; explicitFileType = wrapper.cfbundle; includeInIndex = 0; path = PaletteUITests.xctest; sourceTree = BUILT_PRODUCTS_DIR; };
		3A7841922112345800294B3C /* PaletteUITests.swift */ = {isa = PBXFileReference; lastKnownFileType = sourcecode.swift; path = PaletteUITests.swift; sourceTree = "<group>"; };
		3A7841942112345800294B3C /* Info.plist */ = {isa = PBXFileReference; lastKnownFileType = text.plist.xml; path = Info.plist; sourceTree = "<group>"; };
/* End PBXFileReference section */

/* Begin PBXFrameworksBuildPhase section */
		3A78416C2112345600294B3C /* Frameworks */ = {
			isa = PBXFrameworksBuildPhase;
			buildActionMask = 2147483647;
			files = (
			);
			runOnlyForDeploymentPostprocessing = 0;
		};
		3A7841802112345800294B3C /* Frameworks */ = {
			isa = PBXFrameworksBuildPhase;
			buildActionMask = 2147483647;
			files = (
			);
			runOnlyForDeploymentPostprocessing = 0;
		};
		3A78418B2112345800294B3C /* Frameworks */ = {
			isa = PBXFrameworksBuildPhase;
			buildActionMask = 2147483647;
			files = (
			);
			runOnlyForDeploymentPostprocessing = 0;
		};
/* End PBXFrameworksBuildPhase section */

/* Begin PBXGroup section */
		3A7841662112345600294B3C = {
			isa = PBXGroup;
			children = (
				3A7841712112345600294B3C /* Palette */,
				3A7841862112345800294B3C /* PaletteTests */,
				3A7841912112345800294B3C /* PaletteUITests */,
				3A7841702112345600294B3C /* Products */,
			);
			sourceTree = "<group>";
		};
		3A7841702112345600294B3C /* Products */ = {
			isa = PBXGroup;
			children = (
				3A78416F2112345600294B3C /* Palette.app */,
				3A7841832112345800294B3C /* PaletteTests.xctest */,
				3A78418E2112345800294B3C /* PaletteUITests.xctest */,
			);
			name = Products;
			sourceTree = "<group>";
		};
		3A7841712112345600294B3C /* Palette */ = {
			isa = PBXGroup;
			children = (
				3A7841722112345600294B3C /* AppDelegate.swift */,
				3A7841742112345600294B3C /* PaletteHomeViewController.swift */,
				3A16358A211241030005068C /* UIExtensions.swift */,
				3A7841762112345600294B3C /* Main.storyboard */,
				3A16358C211249310005068C /* ColorCell.swift */,
				3A1635882112357E0005068C /* DSCameraHandler.swift */,
				3A7841792112345700294B3C /* Assets.xcassets */,
				3A78417B2112345700294B3C /* LaunchScreen.storyboard */,
				3A78417E2112345700294B3C /* Info.plist */,
			);
			path = Palette;
			sourceTree = "<group>";
		};
		3A7841862112345800294B3C /* PaletteTests */ = {
			isa = PBXGroup;
			children = (
				3A7841872112345800294B3C /* PaletteTests.swift */,
				3A7841892112345800294B3C /* Info.plist */,
			);
			path = PaletteTests;
			sourceTree = "<group>";
		};
		3A7841912112345800294B3C /* PaletteUITests */ = {
			isa = PBXGroup;
			children = (
				3A7841922112345800294B3C /* PaletteUITests.swift */,
				3A7841942112345800294B3C /* Info.plist */,
			);
			path = PaletteUITests;
			sourceTree = "<group>";
		};
/* End PBXGroup section */

/* Begin PBXNativeTarget section */
		3A78416E2112345600294B3C /* Palette */ = {
			isa = PBXNativeTarget;
			buildConfigurationList = 3A7841972112345800294B3C /* Build configuration list for PBXNativeTarget "Palette" */;
			buildPhases = (
				3A78416B2112345600294B3C /* Sources */,
				3A78416C2112345600294B3C /* Frameworks */,
				3A78416D2112345600294B3C /* Resources */,
			);
			buildRules = (
			);
			dependencies = (
			);
			name = Palette;
			productName = Palette;
			productReference = 3A78416F2112345600294B3C /* Palette.app */;
			productType = "com.apple.product-type.application";
		};
		3A7841822112345800294B3C /* PaletteTests */ = {
			isa = PBXNativeTarget;
			buildConfigurationList = 3A78419A2112345800294B3C /* Build configuration list for PBXNativeTarget "PaletteTests" */;
			buildPhases = (
				3A78417F2112345800294B3C /* Sources */,
				3A7841802112345800294B3C /* Frameworks */,
				3A7841812112345800294B3C /* Resources */,
			);
			buildRules = (
			);
			dependencies = (
				3A7841852112345800294B3C /* PBXTargetDependency */,
			);
			name = PaletteTests;
			productName = PaletteTests;
			productReference = 3A7841832112345800294B3C /* PaletteTests.xctest */;
			productType = "com.apple.product-type.bundle.unit-test";
		};
		3A78418D2112345800294B3C /* PaletteUITests */ = {
			isa = PBXNativeTarget;
			buildConfigurationList = 3A78419D2112345800294B3C /* Build configuration list for PBXNativeTarget "PaletteUITests" */;
			buildPhases = (
				3A78418A2112345800294B3C /* Sources */,
				3A78418B2112345800294B3C /* Frameworks */,
				3A78418C2112345800294B3C /* Resources */,
			);
			buildRules = (
			);
			dependencies = (
				3A7841902112345800294B3C /* PBXTargetDependency */,
			);
			name = PaletteUITests;
			productName = PaletteUITests;
			productReference = 3A78418E2112345800294B3C /* PaletteUITests.xctest */;
			productType = "com.apple.product-type.bundle.ui-testing";
		};
/* End PBXNativeTarget section */

/* Begin PBXProject section */
		3A7841672112345600294B3C /* Project object */ = {
			isa = PBXProject;
			attributes = {
				LastSwiftUpdateCheck = 0940;
				LastUpgradeCheck = 0940;
				ORGANIZATIONNAME = "Patrick Cook";
				TargetAttributes = {
					3A78416E2112345600294B3C = {
						CreatedOnToolsVersion = 9.4.1;
					};
					3A7841822112345800294B3C = {
						CreatedOnToolsVersion = 9.4.1;
						TestTargetID = 3A78416E2112345600294B3C;
					};
					3A78418D2112345800294B3C = {
						CreatedOnToolsVersion = 9.4.1;
						TestTargetID = 3A78416E2112345600294B3C;
					};
				};
			};
			buildConfigurationList = 3A78416A2112345600294B3C /* Build configuration list for PBXProject "Palette" */;
			compatibilityVersion = "Xcode 9.3";
			developmentRegion = en;
			hasScannedForEncodings = 0;
			knownRegions = (
				en,
				Base,
			);
			mainGroup = 3A7841662112345600294B3C;
			productRefGroup = 3A7841702112345600294B3C /* Products */;
			projectDirPath = "";
			projectRoot = "";
			targets = (
				3A78416E2112345600294B3C /* Palette */,
				3A7841822112345800294B3C /* PaletteTests */,
				3A78418D2112345800294B3C /* PaletteUITests */,
			);
		};
/* End PBXProject section */

/* Begin PBXResourcesBuildPhase section */
		3A78416D2112345600294B3C /* Resources */ = {
			isa = PBXResourcesBuildPhase;
			buildActionMask = 2147483647;
			files = (
				3A78417D2112345700294B3C /* LaunchScreen.storyboard in Resources */,
				3A78417A2112345700294B3C /* Assets.xcassets in Resources */,
				3A7841782112345600294B3C /* Main.storyboard in Resources */,
			);
			runOnlyForDeploymentPostprocessing = 0;
		};
		3A7841812112345800294B3C /* Resources */ = {
			isa = PBXResourcesBuildPhase;
			buildActionMask = 2147483647;
			files = (
			);
			runOnlyForDeploymentPostprocessing = 0;
		};
		3A78418C2112345800294B3C /* Resources */ = {
			isa = PBXResourcesBuildPhase;
			buildActionMask = 2147483647;
			files = (
			);
			runOnlyForDeploymentPostprocessing = 0;
		};
/* End PBXResourcesBuildPhase section */

/* Begin PBXSourcesBuildPhase section */
		3A78416B2112345600294B3C /* Sources */ = {
			isa = PBXSourcesBuildPhase;
			buildActionMask = 2147483647;
			files = (
				3A7841752112345600294B3C /* PaletteHomeViewController.swift in Sources */,
				3A7841732112345600294B3C /* AppDelegate.swift in Sources */,
				3A1635892112357E0005068C /* DSCameraHandler.swift in Sources */,
				3A16358D211249310005068C /* ColorCell.swift in Sources */,
				3A16358B211241030005068C /* UIExtensions.swift in Sources */,
			);
			runOnlyForDeploymentPostprocessing = 0;
		};
		3A78417F2112345800294B3C /* Sources */ = {
			isa = PBXSourcesBuildPhase;
			buildActionMask = 2147483647;
			files = (
				3A7841882112345800294B3C /* PaletteTests.swift in Sources */,
			);
			runOnlyForDeploymentPostprocessing = 0;
		};
		3A78418A2112345800294B3C /* Sources */ = {
			isa = PBXSourcesBuildPhase;
			buildActionMask = 2147483647;
			files = (
				3A7841932112345800294B3C /* PaletteUITests.swift in Sources */,
			);
			runOnlyForDeploymentPostprocessing = 0;
		};
/* End PBXSourcesBuildPhase section */

/* Begin PBXTargetDependency section */
		3A7841852112345800294B3C /* PBXTargetDependency */ = {
			isa = PBXTargetDependency;
			target = 3A78416E2112345600294B3C /* Palette */;
			targetProxy = 3A7841842112345800294B3C /* PBXContainerItemProxy */;
		};
		3A7841902112345800294B3C /* PBXTargetDependency */ = {
			isa = PBXTargetDependency;
			target = 3A78416E2112345600294B3C /* Palette */;
			targetProxy = 3A78418F2112345800294B3C /* PBXContainerItemProxy */;
		};
/* End PBXTargetDependency section */

/* Begin PBXVariantGroup section */
		3A7841762112345600294B3C /* Main.storyboard */ = {
			isa = PBXVariantGroup;
			children = (
				3A7841772112345600294B3C /* Base */,
			);
			name = Main.storyboard;
			sourceTree = "<group>";
		};
		3A78417B2112345700294B3C /* LaunchScreen.storyboard */ = {
			isa = PBXVariantGroup;
			children = (
				3A78417C2112345700294B3C /* Base */,
			);
			name = LaunchScreen.storyboard;
			sourceTree = "<group>";
		};
/* End PBXVariantGroup section */

/* Begin XCBuildConfiguration section */
		3A7841952112345800294B3C /* Debug */ = {
			isa = XCBuildConfiguration;
			buildSettings = {
				ALWAYS_SEARCH_USER_PATHS = NO;
				CLANG_ANALYZER_NONNULL = YES;
				CLANG_ANALYZER_NUMBER_OBJECT_CONVERSION = YES_AGGRESSIVE;
				CLANG_CXX_LANGUAGE_STANDARD = "gnu++14";
				CLANG_CXX_LIBRARY = "libc++";
				CLANG_ENABLE_MODULES = YES;
				CLANG_ENABLE_OBJC_ARC = YES;
				CLANG_ENABLE_OBJC_WEAK = YES;
				CLANG_WARN_BLOCK_CAPTURE_AUTORELEASING = YES;
				CLANG_WARN_BOOL_CONVERSION = YES;
				CLANG_WARN_COMMA = YES;
				CLANG_WARN_CONSTANT_CONVERSION = YES;
				CLANG_WARN_DEPRECATED_OBJC_IMPLEMENTATIONS = YES;
				CLANG_WARN_DIRECT_OBJC_ISA_USAGE = YES_ERROR;
				CLANG_WARN_DOCUMENTATION_COMMENTS = YES;
				CLANG_WARN_EMPTY_BODY = YES;
				CLANG_WARN_ENUM_CONVERSION = YES;
				CLANG_WARN_INFINITE_RECURSION = YES;
				CLANG_WARN_INT_CONVERSION = YES;
				CLANG_WARN_NON_LITERAL_NULL_CONVERSION = YES;
				CLANG_WARN_OBJC_IMPLICIT_RETAIN_SELF = YES;
				CLANG_WARN_OBJC_LITERAL_CONVERSION = YES;
				CLANG_WARN_OBJC_ROOT_CLASS = YES_ERROR;
				CLANG_WARN_RANGE_LOOP_ANALYSIS = YES;
				CLANG_WARN_STRICT_PROTOTYPES = YES;
				CLANG_WARN_SUSPICIOUS_MOVE = YES;
				CLANG_WARN_UNGUARDED_AVAILABILITY = YES_AGGRESSIVE;
				CLANG_WARN_UNREACHABLE_CODE = YES;
				CLANG_WARN__DUPLICATE_METHOD_MATCH = YES;
				CODE_SIGN_IDENTITY = "iPhone Developer";
				COPY_PHASE_STRIP = NO;
				DEBUG_INFORMATION_FORMAT = dwarf;
				ENABLE_STRICT_OBJC_MSGSEND = YES;
				ENABLE_TESTABILITY = YES;
				GCC_C_LANGUAGE_STANDARD = gnu11;
				GCC_DYNAMIC_NO_PIC = NO;
				GCC_NO_COMMON_BLOCKS = YES;
				GCC_OPTIMIZATION_LEVEL = 0;
				GCC_PREPROCESSOR_DEFINITIONS = (
					"DEBUG=1",
					"$(inherited)",
				);
				GCC_WARN_64_TO_32_BIT_CONVERSION = YES;
				GCC_WARN_ABOUT_RETURN_TYPE = YES_ERROR;
				GCC_WARN_UNDECLARED_SELECTOR = YES;
				GCC_WARN_UNINITIALIZED_AUTOS = YES_AGGRESSIVE;
				GCC_WARN_UNUSED_FUNCTION = YES;
				GCC_WARN_UNUSED_VARIABLE = YES;
				IPHONEOS_DEPLOYMENT_TARGET = 11.4;
				MTL_ENABLE_DEBUG_INFO = YES;
				ONLY_ACTIVE_ARCH = YES;
				SDKROOT = iphoneos;
				SWIFT_ACTIVE_COMPILATION_CONDITIONS = DEBUG;
				SWIFT_OPTIMIZATION_LEVEL = "-Onone";
			};
			name = Debug;
		};
		3A7841962112345800294B3C /* Release */ = {
			isa = XCBuildConfiguration;
			buildSettings = {
				ALWAYS_SEARCH_USER_PATHS = NO;
				CLANG_ANALYZER_NONNULL = YES;
				CLANG_ANALYZER_NUMBER_OBJECT_CONVERSION = YES_AGGRESSIVE;
				CLANG_CXX_LANGUAGE_STANDARD = "gnu++14";
				CLANG_CXX_LIBRARY = "libc++";
				CLANG_ENABLE_MODULES = YES;
				CLANG_ENABLE_OBJC_ARC = YES;
				CLANG_ENABLE_OBJC_WEAK = YES;
				CLANG_WARN_BLOCK_CAPTURE_AUTORELEASING = YES;
				CLANG_WARN_BOOL_CONVERSION = YES;
				CLANG_WARN_COMMA = YES;
				CLANG_WARN_CONSTANT_CONVERSION = YES;
				CLANG_WARN_DEPRECATED_OBJC_IMPLEMENTATIONS = YES;
				CLANG_WARN_DIRECT_OBJC_ISA_USAGE = YES_ERROR;
				CLANG_WARN_DOCUMENTATION_COMMENTS = YES;
				CLANG_WARN_EMPTY_BODY = YES;
				CLANG_WARN_ENUM_CONVERSION = YES;
				CLANG_WARN_INFINITE_RECURSION = YES;
				CLANG_WARN_INT_CONVERSION = YES;
				CLANG_WARN_NON_LITERAL_NULL_CONVERSION = YES;
				CLANG_WARN_OBJC_IMPLICIT_RETAIN_SELF = YES;
				CLANG_WARN_OBJC_LITERAL_CONVERSION = YES;
				CLANG_WARN_OBJC_ROOT_CLASS = YES_ERROR;
				CLANG_WARN_RANGE_LOOP_ANALYSIS = YES;
				CLANG_WARN_STRICT_PROTOTYPES = YES;
				CLANG_WARN_SUSPICIOUS_MOVE = YES;
				CLANG_WARN_UNGUARDED_AVAILABILITY = YES_AGGRESSIVE;
				CLANG_WARN_UNREACHABLE_CODE = YES;
				CLANG_WARN__DUPLICATE_METHOD_MATCH = YES;
				CODE_SIGN_IDENTITY = "iPhone Developer";
				COPY_PHASE_STRIP = NO;
				DEBUG_INFORMATION_FORMAT = "dwarf-with-dsym";
				ENABLE_NS_ASSERTIONS = NO;
				ENABLE_STRICT_OBJC_MSGSEND = YES;
				GCC_C_LANGUAGE_STANDARD = gnu11;
				GCC_NO_COMMON_BLOCKS = YES;
				GCC_WARN_64_TO_32_BIT_CONVERSION = YES;
				GCC_WARN_ABOUT_RETURN_TYPE = YES_ERROR;
				GCC_WARN_UNDECLARED_SELECTOR = YES;
				GCC_WARN_UNINITIALIZED_AUTOS = YES_AGGRESSIVE;
				GCC_WARN_UNUSED_FUNCTION = YES;
				GCC_WARN_UNUSED_VARIABLE = YES;
				IPHONEOS_DEPLOYMENT_TARGET = 11.4;
				MTL_ENABLE_DEBUG_INFO = NO;
				SDKROOT = iphoneos;
				SWIFT_COMPILATION_MODE = wholemodule;
				SWIFT_OPTIMIZATION_LEVEL = "-O";
				VALIDATE_PRODUCT = YES;
			};
			name = Release;
		};
		3A7841982112345800294B3C /* Debug */ = {
			isa = XCBuildConfiguration;
			buildSettings = {
				ASSETCATALOG_COMPILER_APPICON_NAME = AppIcon;
				CODE_SIGN_STYLE = Automatic;
				DEVELOPMENT_TEAM = JFPTT2HRK6;
				INFOPLIST_FILE = Palette/Info.plist;
				LD_RUNPATH_SEARCH_PATHS = (
					"$(inherited)",
					"@executable_path/Frameworks",
				);
				PRODUCT_BUNDLE_IDENTIFIER = com.pcook.Palette;
				PRODUCT_NAME = "$(TARGET_NAME)";
				SWIFT_VERSION = 4.0;
				TARGETED_DEVICE_FAMILY = 2;
			};
			name = Debug;
		};
		3A7841992112345800294B3C /* Release */ = {
			isa = XCBuildConfiguration;
			buildSettings = {
				ASSETCATALOG_COMPILER_APPICON_NAME = AppIcon;
				CODE_SIGN_STYLE = Automatic;
				DEVELOPMENT_TEAM = JFPTT2HRK6;
				INFOPLIST_FILE = Palette/Info.plist;
				LD_RUNPATH_SEARCH_PATHS = (
					"$(inherited)",
					"@executable_path/Frameworks",
				);
				PRODUCT_BUNDLE_IDENTIFIER = com.pcook.Palette;
				PRODUCT_NAME = "$(TARGET_NAME)";
				SWIFT_VERSION = 4.0;
				TARGETED_DEVICE_FAMILY = 2;
			};
			name = Release;
		};
		3A78419B2112345800294B3C /* Debug */ = {
			isa = XCBuildConfiguration;
			buildSettings = {
				ALWAYS_EMBED_SWIFT_STANDARD_LIBRARIES = YES;
				BUNDLE_LOADER = "$(TEST_HOST)";
				CODE_SIGN_STYLE = Automatic;
				DEVELOPMENT_TEAM = JFPTT2HRK6;
				INFOPLIST_FILE = PaletteTests/Info.plist;
				LD_RUNPATH_SEARCH_PATHS = (
					"$(inherited)",
					"@executable_path/Frameworks",
					"@loader_path/Frameworks",
				);
				PRODUCT_BUNDLE_IDENTIFIER = com.pcook.PaletteTests;
				PRODUCT_NAME = "$(TARGET_NAME)";
				SWIFT_VERSION = 4.0;
				TARGETED_DEVICE_FAMILY = "1,2";
				TEST_HOST = "$(BUILT_PRODUCTS_DIR)/Palette.app/Palette";
			};
			name = Debug;
		};
		3A78419C2112345800294B3C /* Release */ = {
			isa = XCBuildConfiguration;
			buildSettings = {
				ALWAYS_EMBED_SWIFT_STANDARD_LIBRARIES = YES;
				BUNDLE_LOADER = "$(TEST_HOST)";
				CODE_SIGN_STYLE = Automatic;
				DEVELOPMENT_TEAM = JFPTT2HRK6;
				INFOPLIST_FILE = PaletteTests/Info.plist;
				LD_RUNPATH_SEARCH_PATHS = (
					"$(inherited)",
					"@executable_path/Frameworks",
					"@loader_path/Frameworks",
				);
				PRODUCT_BUNDLE_IDENTIFIER = com.pcook.PaletteTests;
				PRODUCT_NAME = "$(TARGET_NAME)";
				SWIFT_VERSION = 4.0;
				TARGETED_DEVICE_FAMILY = "1,2";
				TEST_HOST = "$(BUILT_PRODUCTS_DIR)/Palette.app/Palette";
			};
			name = Release;
		};
		3A78419E2112345800294B3C /* Debug */ = {
			isa = XCBuildConfiguration;
			buildSettings = {
				ALWAYS_EMBED_SWIFT_STANDARD_LIBRARIES = YES;
				CODE_SIGN_STYLE = Automatic;
				DEVELOPMENT_TEAM = JFPTT2HRK6;
				INFOPLIST_FILE = PaletteUITests/Info.plist;
				LD_RUNPATH_SEARCH_PATHS = (
					"$(inherited)",
					"@executable_path/Frameworks",
					"@loader_path/Frameworks",
				);
				PRODUCT_BUNDLE_IDENTIFIER = com.pcook.PaletteUITests;
				PRODUCT_NAME = "$(TARGET_NAME)";
				SWIFT_VERSION = 4.0;
				TARGETED_DEVICE_FAMILY = "1,2";
				TEST_TARGET_NAME = Palette;
			};
			name = Debug;
		};
		3A78419F2112345800294B3C /* Release */ = {
			isa = XCBuildConfiguration;
			buildSettings = {
				ALWAYS_EMBED_SWIFT_STANDARD_LIBRARIES = YES;
				CODE_SIGN_STYLE = Automatic;
				DEVELOPMENT_TEAM = JFPTT2HRK6;
				INFOPLIST_FILE = PaletteUITests/Info.plist;
				LD_RUNPATH_SEARCH_PATHS = (
					"$(inherited)",
					"@executable_path/Frameworks",
					"@loader_path/Frameworks",
				);
				PRODUCT_BUNDLE_IDENTIFIER = com.pcook.PaletteUITests;
				PRODUCT_NAME = "$(TARGET_NAME)";
				SWIFT_VERSION = 4.0;
				TARGETED_DEVICE_FAMILY = "1,2";
				TEST_TARGET_NAME = Palette;
			};
			name = Release;
		};
/* End XCBuildConfiguration section */

/* Begin XCConfigurationList section */
		3A78416A2112345600294B3C /* Build configuration list for PBXProject "Palette" */ = {
			isa = XCConfigurationList;
			buildConfigurations = (
				3A7841952112345800294B3C /* Debug */,
				3A7841962112345800294B3C /* Release */,
			);
			defaultConfigurationIsVisible = 0;
			defaultConfigurationName = Release;
		};
		3A7841972112345800294B3C /* Build configuration list for PBXNativeTarget "Palette" */ = {
			isa = XCConfigurationList;
			buildConfigurations = (
				3A7841982112345800294B3C /* Debug */,
				3A7841992112345800294B3C /* Release */,
			);
			defaultConfigurationIsVisible = 0;
			defaultConfigurationName = Release;
		};
		3A78419A2112345800294B3C /* Build configuration list for PBXNativeTarget "PaletteTests" */ = {
			isa = XCConfigurationList;
			buildConfigurations = (
				3A78419B2112345800294B3C /* Debug */,
				3A78419C2112345800294B3C /* Release */,
			);
			defaultConfigurationIsVisible = 0;
			defaultConfigurationName = Release;
		};
		3A78419D2112345800294B3C /* Build configuration list for PBXNativeTarget "PaletteUITests" */ = {
			isa = XCConfigurationList;
			buildConfigurations = (
				3A78419E2112345800294B3C /* Debug */,
				3A78419F2112345800294B3C /* Release */,
			);
			defaultConfigurationIsVisible = 0;
			defaultConfigurationName = Release;
		};
/* End XCConfigurationList section */
	};
	rootObject = 3A7841672112345600294B3C /* Project object */;
}
